
Microsoft Visual Studio Solution File, Format Version 12.00
# Visual Studio 15
VisualStudioVersion = 15.0.27130.2027
MinimumVisualStudioVersion = 10.0.40219.1
Project("{FAE04EC0-301F-11D3-BF4B-00C04F79EFBC}") = "APICollection", "APICollection\APICollection.csproj", "{97A71CEF-5DBA-4BC9-8C36-6E670BA8E60A}"
EndProject
Project("{E53339B2-1760-4266-BCC7-CA923CBCF16C}") = "docker-compose", "docker-compose.dcproj", "{275566A0-6767-41E9-8F53-50DE15B712F9}"
EndProject
Global
	GlobalSection(SolutionConfigurationPlatforms) = preSolution
		Debug|Any CPU = Debug|Any CPU
		Release|Any CPU = Release|Any CPU
	EndGlobalSection
	GlobalSection(ProjectConfigurationPlatforms) = postSolution
		{97A71CEF-5DBA-4BC9-8C36-6E670BA8E60A}.Debug|Any CPU.ActiveCfg = Debug|Any CPU
		{97A71CEF-5DBA-4BC9-8C36-6E670BA8E60A}.Debug|Any CPU.Build.0 = Debug|Any CPU
		{97A71CEF-5DBA-4BC9-8C36-6E670BA8E60A}.Release|Any CPU.ActiveCfg = Release|Any CPU
		{97A71CEF-5DBA-4BC9-8C36-6E670BA8E60A}.Release|Any CPU.Build.0 = Release|Any CPU
		{275566A0-6767-41E9-8F53-50DE15B712F9}.Debug|Any CPU.ActiveCfg = Debug|Any CPU
		{275566A0-6767-41E9-8F53-50DE15B712F9}.Debug|Any CPU.Build.0 = Debug|Any CPU
		{275566A0-6767-41E9-8F53-50DE15B712F9}.Release|Any CPU.ActiveCfg = Release|Any CPU
		{275566A0-6767-41E9-8F53-50DE15B712F9}.Release|Any CPU.Build.0 = Release|Any CPU
	EndGlobalSection
	GlobalSection(SolutionProperties) = preSolution
		HideSolutionNode = FALSE
	EndGlobalSection
	GlobalSection(ExtensibilityGlobals) = postSolution
		SolutionGuid = {298322F3-3D99-4A34-AC38-B9CA2B43979C}
	EndGlobalSection
EndGlobal
